
Microsoft Visual Studio Solution File, Format Version 12.00
# Visual Studio Version 17
VisualStudioVersion = 17.8.34525.116
MinimumVisualStudioVersion = 10.0.40219.1
Project("{9A19103F-16F7-4668-BE54-9A1E7A4F7556}") = "KNUOAuthApi", "KNUOAuthApi.csproj", "{4BE134B9-31B4-4B34-B07E-C94F9283E89B}"
EndProject
Global
	GlobalSection(SolutionConfigurationPlatforms) = preSolution
		Debug|Any CPU = Debug|Any CPU
		Release|Any CPU = Release|Any CPU
	EndGlobalSection
	GlobalSection(ProjectConfigurationPlatforms) = postSolution
		{4BE134B9-31B4-4B34-B07E-C94F9283E89B}.Debug|Any CPU.ActiveCfg = Debug|Any CPU
		{4BE134B9-31B4-4B34-B07E-C94F9283E89B}.Debug|Any CPU.Build.0 = Debug|Any CPU
		{4BE134B9-31B4-4B34-B07E-C94F9283E89B}.Release|Any CPU.ActiveCfg = Release|Any CPU
		{4BE134B9-31B4-4B34-B07E-C94F9283E89B}.Release|Any CPU.Build.0 = Release|Any CPU
	EndGlobalSection
	GlobalSection(SolutionProperties) = preSolution
		HideSolutionNode = FALSE
	EndGlobalSection
	GlobalSection(ExtensibilityGlobals) = postSolution
		SolutionGuid = {C0FCB689-6FE6-4C5F-963F-E39B254BCFA7}
	EndGlobalSection
EndGlobal
